
Microsoft Visual Studio Solution File, Format Version 12.00
# Visual Studio Version 16
VisualStudioVersion = 16.0.31105.61
MinimumVisualStudioVersion = 10.0.40219.1
Project("{FAE04EC0-301F-11D3-BF4B-00C04F79EFBC}") = "Kindergarten", "Kindergarten.csproj", "{D52DDF21-AA29-4B5A-B26E-1CF276A2CAFE}"
EndProject
Global
	GlobalSection(SolutionConfigurationPlatforms) = preSolution
		Debug|Any CPU = Debug|Any CPU
		Release|Any CPU = Release|Any CPU
	EndGlobalSection
	GlobalSection(ProjectConfigurationPlatforms) = postSolution
		{D52DDF21-AA29-4B5A-B26E-1CF276A2CAFE}.Debug|Any CPU.ActiveCfg = Debug|Any CPU
		{D52DDF21-AA29-4B5A-B26E-1CF276A2CAFE}.Debug|Any CPU.Build.0 = Debug|Any CPU
		{D52DDF21-AA29-4B5A-B26E-1CF276A2CAFE}.Release|Any CPU.ActiveCfg = Release|Any CPU
		{D52DDF21-AA29-4B5A-B26E-1CF276A2CAFE}.Release|Any CPU.Build.0 = Release|Any CPU
	EndGlobalSection
	GlobalSection(SolutionProperties) = preSolution
		HideSolutionNode = FALSE
	EndGlobalSection
	GlobalSection(ExtensibilityGlobals) = postSolution
		SolutionGuid = {F19FD3A3-5FF2-484D-A063-FFA4DBC8F575}
	EndGlobalSection
EndGlobal
